github.com/cespare/xxhash/v2 v2.3.0 h1:UL815xU9SqsFlibzuggzjXhog7bL6oX9BbNZnL2UFvs=
github.com/cespare/xxhash/v2 v2.3.0/go.mod h1:VGX0DQ3Q6kWi7AoAeZDth3/j3BFtOZR5XLFGgcrjCOs=
github.com/dgraph-io/ristretto/v2 v2.1.0 h1:59LjpOJLNDULHh8MC4UaegN52lC4JnO2dITsie/Pa8I=
github.com/dgraph-io/ristretto/v2 v2.1.0/go.mod h1:uejeqfYXpUomfse0+lO+13ATz4TypQYLJZzBSAemuB4=
github.com/dustin/go-humanize v1.0.1 h1:GzkhY7T5VNhEkwH0PVJgjz+fX1rhBrR7pRT3mDkpeCY=
github.com/dustin/go-humanize v1.0.1/go.mod h1:Mu1zIs6XwVuF/gI1OepvI0qD18qycQx+mFykh5fBlto=
github.com/pkg/errors v0.9.1 h1:FEBLx1zS214owpjy7qsBeixbURkuhQAwrK5UwLGTwt4=
github.com/pkg/errors v0.9.1/go.mod h1:bwawxfHBFNV+L2hUp1rHADufV3IMtnDRdf1r5NINEl0=
github.com/tetratelabs/wazero v1.8.2 h1:yIgLR/b2bN31bjxwXHD8a3d+BogigR952csSDdLYEv4=
github.com/tetratelabs/wazero v1.8.2/go.mod h1:yAI0XTsMBhREkM/YDAK/zNou3GoiAce1P6+rp/wQhjs=
golang.org/x/image v0.23.0 h1:HseQ7c2OpPKTPVzNjG5fwJsOTCiiwS4QdsYi5XU6H68=
golang.org/x/image v0.23.0/go.mod h1:wJJBTdLfCCf3tiHa1fNxpZmUI4mmoZvwMCPP0ddoNKY=
golang.org/x/sys v0.29.0 h1:TPYlXGxvx1MGTn2GiZDhnjPA9wZzZeGKHHmKhHYvgaU=
golang.org/x/sys v0.29.0/go.mod h1:/VUhepiaJMQUp4+oa/7Zr1D23ma6VTLIYjOOTFZPUcA=
golang.org/x/text v0.15.0 h1:h1V/4gjBv8v9cjcR6+AR5+/cIYK5N/WAgiv4xlsEtAk=
golang.org/x/text v0.15.0/go.mod h1:18ZOQIKpY8NJVqYksKHtTdi31H5itFRjB5/qKTNYzSU=
golang.org/x/text v0.21.0 h1:zyQAAkrwaneQ066sspRyJaG9VNi/YJ1NfzcGB3hZ/qo=
golang.org/x/text v0.21.0/go.mod h1:4IBbMaMmOPCJ8SecivzSH54+73PCFmPWxNTLm+vZkEQ=
graphics.gd v0.0.0-20250109073924-dc25a593ebc2 h1:hCUujMsDbPxnXSYvETysN5jMK9ag7tbJrCaEevTKVhY=
graphics.gd v0.0.0-20250109073924-dc25a593ebc2/go.mod h1:Ba6RRAbAUus6SNLWQW0bM1Aw0VWnEYusF/mtd56WmIs=
graphics.gd v0.0.0-20250114103426-bb15b6a07d69 h1:4bkoxE/nRfYKXVNCdBUSSYZTiMXjpWuEfatUNB87Q1Y=
graphics.gd v0.0.0-20250114103426-bb15b6a07d69/go.mod h1:Ba6RRAbAUus6SNLWQW0bM1Aw0VWnEYusF/mtd56WmIs=
runtime.link v0.0.0-20241203235822-266e6dd4f99d h1:HzPoM8kUlHbNziC53/jrA4x0Su2XGDLU0VAw/xs8goc=
runtime.link v0.0.0-20241203235822-266e6dd4f99d/go.mod h1:bs9lT/R79BfIAGcCHrCWiEdDec5nUNSBBjDmAvAsasU=
